// !$*UTF8*$!
{
	archiveVersion = 1;
	classes = {
	};
	objectVersion = 55;
	objects = {

/* Begin PBXBuildFile section */
		66A54F382791157200820BE5 /* VGBoxApp.swift in Sources */ = {isa = PBXBuildFile; fileRef = 66A54F372791157200820BE5 /* VGBoxApp.swift */; };
		66A54F3A2791157200820BE5 /* ContentView.swift in Sources */ = {isa = PBXBuildFile; fileRef = 66A54F392791157200820BE5 /* ContentView.swift */; };
		66A54F3C2791157300820BE5 /* Assets.xcassets in Resources */ = {isa = PBXBuildFile; fileRef = 66A54F3B2791157300820BE5 /* Assets.xcassets */; };
		66A54F3F2791157300820BE5 /* Preview Assets.xcassets in Resources */ = {isa = PBXBuildFile; fileRef = 66A54F3E2791157300820BE5 /* Preview Assets.xcassets */; };
		6933CFE5279A44CF00654B01 /* MainViews.swift in Sources */ = {isa = PBXBuildFile; fileRef = 6933CFE4279A44CE00654B01 /* MainViews.swift */; };
		6933D01A279A4A8400654B01 /* ShopView.swift in Sources */ = {isa = PBXBuildFile; fileRef = 6933D00B279A4A8400654B01 /* ShopView.swift */; };
		6933D01B279A4A8400654B01 /* PurchaseHistory.swift in Sources */ = {isa = PBXBuildFile; fileRef = 6933D00D279A4A8400654B01 /* PurchaseHistory.swift */; };
		6933D01C279A4A8400654B01 /* HomeView.swift in Sources */ = {isa = PBXBuildFile; fileRef = 6933D00E279A4A8400654B01 /* HomeView.swift */; };
		6933D01D279A4A8400654B01 /* LikeList.swift in Sources */ = {isa = PBXBuildFile; fileRef = 6933D00F279A4A8400654B01 /* LikeList.swift */; };
		6933D01E279A4A8400654B01 /* Cartview.swift in Sources */ = {isa = PBXBuildFile; fileRef = 6933D010279A4A8400654B01 /* Cartview.swift */; };
		6933D01F279A4A8400654B01 /* Account.swift in Sources */ = {isa = PBXBuildFile; fileRef = 6933D011279A4A8400654B01 /* Account.swift */; };
		6933D020279A4A8400654B01 /* ProductView.swift in Sources */ = {isa = PBXBuildFile; fileRef = 6933D012279A4A8400654B01 /* ProductView.swift */; };
		6933D021279A4A8400654B01 /* MeatList.swift in Sources */ = {isa = PBXBuildFile; fileRef = 6933D013279A4A8400654B01 /* MeatList.swift */; };
		6933D022279A4A8400654B01 /* VegetableView.swift in Sources */ = {isa = PBXBuildFile; fileRef = 6933D014279A4A8400654B01 /* VegetableView.swift */; };
		6933D02B279A4A9700654B01 /* HealtModel.swift in Sources */ = {isa = PBXBuildFile; fileRef = 6933D028279A4A9700654B01 /* HealtModel.swift */; };
		6933D02D279A4A9700654B01 /* VgBoxView.swift in Sources */ = {isa = PBXBuildFile; fileRef = 6933D02A279A4A9700654B01 /* VgBoxView.swift */; };
		694A756527A9539700CAF86D /* BoxView.swift in Sources */ = {isa = PBXBuildFile; fileRef = 694A756427A9539600CAF86D /* BoxView.swift */; };
		6965985C27B69BE700BFDDCD /* buybuttom.swift in Sources */ = {isa = PBXBuildFile; fileRef = 6965985B27B69BE700BFDDCD /* buybuttom.swift */; };
		6965988B27B6A1E500BFDDCD /* database.swift in Sources */ = {isa = PBXBuildFile; fileRef = 6965988927B6A1E400BFDDCD /* database.swift */; };
		6965988C27B6A1E500BFDDCD /* ShopModel.swift in Sources */ = {isa = PBXBuildFile; fileRef = 6965988A27B6A1E400BFDDCD /* ShopModel.swift */; };
		6965988E27B6B1C600BFDDCD /* AppDelegate.swift in Sources */ = {isa = PBXBuildFile; fileRef = 6965988D27B6B1C600BFDDCD /* AppDelegate.swift */; };
		6965989027B6B22200BFDDCD /* AuthenticationViewModel.swift in Sources */ = {isa = PBXBuildFile; fileRef = 6965988F27B6B22200BFDDCD /* AuthenticationViewModel.swift */; };
		6965989227B6B4EF00BFDDCD /* GoogleService-Info.plist in Resources */ = {isa = PBXBuildFile; fileRef = 6965989127B6B4EF00BFDDCD /* GoogleService-Info.plist */; };
		696B716F27AC1F1C000F77CA /* resultview.swift in Sources */ = {isa = PBXBuildFile; fileRef = 696B716E27AC1F1C000F77CA /* resultview.swift */; };
		7B02775DFBF1019AB839FB95 /* Pods_VGBox.framework in Frameworks */ = {isa = PBXBuildFile; fileRef = 0C5ACEF301BB985D53FCEC52 /* Pods_VGBox.framework */; };
/* End PBXBuildFile section */

/* Begin PBXFileReference section */
		0C5ACEF301BB985D53FCEC52 /* Pods_VGBox.framework */ = {isa = PBXFileReference; explicitFileType = wrapper.framework; includeInIndex = 0; path = Pods_VGBox.framework; sourceTree = BUILT_PRODUCTS_DIR; };
		66A54F342791157100820BE5 /* VGBox.app */ = {isa = PBXFileReference; explicitFileType = wrapper.application; includeInIndex = 0; path = VGBox.app; sourceTree = BUILT_PRODUCTS_DIR; };
		66A54F372791157200820BE5 /* VGBoxApp.swift */ = {isa = PBXFileReference; lastKnownFileType = sourcecode.swift; path = VGBoxApp.swift; sourceTree = "<group>"; };
		66A54F392791157200820BE5 /* ContentView.swift */ = {isa = PBXFileReference; lastKnownFileType = sourcecode.swift; path = ContentView.swift; sourceTree = "<group>"; };
		66A54F3B2791157300820BE5 /* Assets.xcassets */ = {isa = PBXFileReference; lastKnownFileType = folder.assetcatalog; path = Assets.xcassets; sourceTree = "<group>"; };
		66A54F3E2791157300820BE5 /* Preview Assets.xcassets */ = {isa = PBXFileReference; lastKnownFileType = folder.assetcatalog; path = "Preview Assets.xcassets"; sourceTree = "<group>"; };
		6933CFE4279A44CE00654B01 /* MainViews.swift */ = {isa = PBXFileReference; fileEncoding = 4; lastKnownFileType = sourcecode.swift; path = MainViews.swift; sourceTree = "<group>"; };
		6933D00B279A4A8400654B01 /* ShopView.swift */ = {isa = PBXFileReference; fileEncoding = 4; lastKnownFileType = sourcecode.swift; path = ShopView.swift; sourceTree = "<group>"; };
		6933D00D279A4A8400654B01 /* PurchaseHistory.swift */ = {isa = PBXFileReference; fileEncoding = 4; lastKnownFileType = sourcecode.swift; path = PurchaseHistory.swift; sourceTree = "<group>"; };
		6933D00E279A4A8400654B01 /* HomeView.swift */ = {isa = PBXFileReference; fileEncoding = 4; lastKnownFileType = sourcecode.swift; path = HomeView.swift; sourceTree = "<group>"; };
		6933D00F279A4A8400654B01 /* LikeList.swift */ = {isa = PBXFileReference; fileEncoding = 4; lastKnownFileType = sourcecode.swift; path = LikeList.swift; sourceTree = "<group>"; };
		6933D010279A4A8400654B01 /* Cartview.swift */ = {isa = PBXFileReference; fileEncoding = 4; lastKnownFileType = sourcecode.swift; path = Cartview.swift; sourceTree = "<group>"; };
		6933D011279A4A8400654B01 /* Account.swift */ = {isa = PBXFileReference; fileEncoding = 4; lastKnownFileType = sourcecode.swift; path = Account.swift; sourceTree = "<group>"; };
		6933D012279A4A8400654B01 /* ProductView.swift */ = {isa = PBXFileReference; fileEncoding = 4; lastKnownFileType = sourcecode.swift; path = ProductView.swift; sourceTree = "<group>"; };
		6933D013279A4A8400654B01 /* MeatList.swift */ = {isa = PBXFileReference; fileEncoding = 4; lastKnownFileType = sourcecode.swift; path = MeatList.swift; sourceTree = "<group>"; };
		6933D014279A4A8400654B01 /* VegetableView.swift */ = {isa = PBXFileReference; fileEncoding = 4; lastKnownFileType = sourcecode.swift; path = VegetableView.swift; sourceTree = "<group>"; };
		6933D028279A4A9700654B01 /* HealtModel.swift */ = {isa = PBXFileReference; fileEncoding = 4; lastKnownFileType = sourcecode.swift; path = HealtModel.swift; sourceTree = "<group>"; };
		6933D02A279A4A9700654B01 /* VgBoxView.swift */ = {isa = PBXFileReference; fileEncoding = 4; lastKnownFileType = sourcecode.swift; path = VgBoxView.swift; sourceTree = "<group>"; };
		694A756427A9539600CAF86D /* BoxView.swift */ = {isa = PBXFileReference; lastKnownFileType = sourcecode.swift; path = BoxView.swift; sourceTree = "<group>"; };
		6965985B27B69BE700BFDDCD /* buybuttom.swift */ = {isa = PBXFileReference; fileEncoding = 4; lastKnownFileType = sourcecode.swift; path = buybuttom.swift; sourceTree = "<group>"; };
		6965988927B6A1E400BFDDCD /* database.swift */ = {isa = PBXFileReference; fileEncoding = 4; lastKnownFileType = sourcecode.swift; path = database.swift; sourceTree = "<group>"; };
		6965988A27B6A1E400BFDDCD /* ShopModel.swift */ = {isa = PBXFileReference; fileEncoding = 4; lastKnownFileType = sourcecode.swift; path = ShopModel.swift; sourceTree = "<group>"; };
		6965988D27B6B1C600BFDDCD /* AppDelegate.swift */ = {isa = PBXFileReference; lastKnownFileType = sourcecode.swift; path = AppDelegate.swift; sourceTree = "<group>"; };
		6965988F27B6B22200BFDDCD /* AuthenticationViewModel.swift */ = {isa = PBXFileReference; lastKnownFileType = sourcecode.swift; path = AuthenticationViewModel.swift; sourceTree = "<group>"; };
		6965989127B6B4EF00BFDDCD /* GoogleService-Info.plist */ = {isa = PBXFileReference; fileEncoding = 4; lastKnownFileType = text.plist.xml; path = "GoogleService-Info.plist"; sourceTree = "<group>"; };
		6965989327B6B4F300BFDDCD /* GoogleService-Info.plist */ = {isa = PBXFileReference; lastKnownFileType = text.plist.xml; name = "GoogleService-Info.plist"; path = "../../IOShomework/IOShomework/Newwork/Shop/GoogleService-Info.plist"; sourceTree = "<group>"; };
		696B716E27AC1F1C000F77CA /* resultview.swift */ = {isa = PBXFileReference; lastKnownFileType = sourcecode.swift; path = resultview.swift; sourceTree = "<group>"; };
		872F96B706D65D3C98B3DD66 /* Pods-VGBox.debug.xcconfig */ = {isa = PBXFileReference; includeInIndex = 1; lastKnownFileType = text.xcconfig; name = "Pods-VGBox.debug.xcconfig"; path = "Target Support Files/Pods-VGBox/Pods-VGBox.debug.xcconfig"; sourceTree = "<group>"; };
		D17A7C514E235CD00F2457ED /* Pods-VGBox.release.xcconfig */ = {isa = PBXFileReference; includeInIndex = 1; lastKnownFileType = text.xcconfig; name = "Pods-VGBox.release.xcconfig"; path = "Target Support Files/Pods-VGBox/Pods-VGBox.release.xcconfig"; sourceTree = "<group>"; };
/* End PBXFileReference section */

/* Begin PBXFrameworksBuildPhase section */
		66A54F312791157100820BE5 /* Frameworks */ = {
			isa = PBXFrameworksBuildPhase;
			buildActionMask = 2147483647;
			files = (
				7B02775DFBF1019AB839FB95 /* Pods_VGBox.framework in Frameworks */,
			);
			runOnlyForDeploymentPostprocessing = 0;
		};
/* End PBXFrameworksBuildPhase section */

/* Begin PBXGroup section */
		39BE7B843C9657FCDB49125D /* Pods */ = {
			isa = PBXGroup;
			children = (
				872F96B706D65D3C98B3DD66 /* Pods-VGBox.debug.xcconfig */,
				D17A7C514E235CD00F2457ED /* Pods-VGBox.release.xcconfig */,
			);
			path = Pods;
			sourceTree = "<group>";
		};
		66A54F2B2791157100820BE5 = {
			isa = PBXGroup;
			children = (
				66A54F362791157100820BE5 /* VGBox */,
				66A54F352791157100820BE5 /* Products */,
				39BE7B843C9657FCDB49125D /* Pods */,
				9F1891F212E6728E7984A11C /* Frameworks */,
			);
			sourceTree = "<group>";
		};
		66A54F352791157100820BE5 /* Products */ = {
			isa = PBXGroup;
			children = (
				66A54F342791157100820BE5 /* VGBox.app */,
			);
			name = Products;
			sourceTree = "<group>";
		};
		66A54F362791157100820BE5 /* VGBox */ = {
			isa = PBXGroup;
			children = (
				6933CFE4279A44CE00654B01 /* MainViews.swift */,
				6965989327B6B4F300BFDDCD /* GoogleService-Info.plist */,
				6933D00A279A4A8400654B01 /* Shop */,
				6933D027279A4A9700654B01 /* Health */,
				66A54F372791157200820BE5 /* VGBoxApp.swift */,
				66A54F392791157200820BE5 /* ContentView.swift */,
				6965988D27B6B1C600BFDDCD /* AppDelegate.swift */,
				6965988F27B6B22200BFDDCD /* AuthenticationViewModel.swift */,
				66A54F3B2791157300820BE5 /* Assets.xcassets */,
				66A54F3D2791157300820BE5 /* Preview Content */,
			);
			path = VGBox;
			sourceTree = "<group>";
		};
		66A54F3D2791157300820BE5 /* Preview Content */ = {
			isa = PBXGroup;
			children = (
				66A54F3E2791157300820BE5 /* Preview Assets.xcassets */,
			);
			path = "Preview Content";
			sourceTree = "<group>";
		};
		6933D00A279A4A8400654B01 /* Shop */ = {
			isa = PBXGroup;
			children = (
				6933D00B279A4A8400654B01 /* ShopView.swift */,
				6933D00C279A4A8400654B01 /* Home */,
				6933D012279A4A8400654B01 /* ProductView.swift */,
				6933D013279A4A8400654B01 /* MeatList.swift */,
				6933D014279A4A8400654B01 /* VegetableView.swift */,
				6965985B27B69BE700BFDDCD /* buybuttom.swift */,
				6965989127B6B4EF00BFDDCD /* GoogleService-Info.plist */,
			);
			name = Shop;
			path = ../../IOShomework/IOShomework/Newwork/Shop;
			sourceTree = "<group>";
		};
		6933D00C279A4A8400654B01 /* Home */ = {
			isa = PBXGroup;
			children = (
				6933D00D279A4A8400654B01 /* PurchaseHistory.swift */,
				6933D00E279A4A8400654B01 /* HomeView.swift */,
				6933D00F279A4A8400654B01 /* LikeList.swift */,
				6933D010279A4A8400654B01 /* Cartview.swift */,
				6933D011279A4A8400654B01 /* Account.swift */,
				6965988827B6A1E400BFDDCD /* ShopModel */,
			);
			path = Home;
			sourceTree = "<group>";
		};
		6933D027279A4A9700654B01 /* Health */ = {
			isa = PBXGroup;
			children = (
				6933D028279A4A9700654B01 /* HealtModel.swift */,
				6933D02A279A4A9700654B01 /* VgBoxView.swift */,
				696B716E27AC1F1C000F77CA /* resultview.swift */,
				694A756427A9539600CAF86D /* BoxView.swift */,
			);
			name = Health;
			path = ../../IOShomework/IOShomework/Newwork/Health;
			sourceTree = "<group>";
		};
		6965988827B6A1E400BFDDCD /* ShopModel */ = {
			isa = PBXGroup;
			children = (
				6965988A27B6A1E400BFDDCD /* ShopModel.swift */,
				6965988927B6A1E400BFDDCD /* database.swift */,
			);
			path = ShopModel;
			sourceTree = "<group>";
		};
		9F1891F212E6728E7984A11C /* Frameworks */ = {
			isa = PBXGroup;
			children = (
				0C5ACEF301BB985D53FCEC52 /* Pods_VGBox.framework */,
			);
			name = Frameworks;
			sourceTree = "<group>";
		};
/* End PBXGroup section */

/* Begin PBXNativeTarget section */
		66A54F332791157100820BE5 /* VGBox */ = {
			isa = PBXNativeTarget;
			buildConfigurationList = 66A54F422791157300820BE5 /* Build configuration list for PBXNativeTarget "VGBox" */;
			buildPhases = (
				E9CDDEF51C9C92BCAFDE28C0 /* [CP] Check Pods Manifest.lock */,
				66A54F302791157100820BE5 /* Sources */,
				66A54F312791157100820BE5 /* Frameworks */,
				66A54F322791157100820BE5 /* Resources */,
				9838F6BE037DCAD522AC7EAC /* [CP] Embed Pods Frameworks */,
			);
			buildRules = (
			);
			dependencies = (
			);
			name = VGBox;
			productName = VGBox;
			productReference = 66A54F342791157100820BE5 /* VGBox.app */;
			productType = "com.apple.product-type.application";
		};
/* End PBXNativeTarget section */

/* Begin PBXProject section */
		66A54F2C2791157100820BE5 /* Project object */ = {
			isa = PBXProject;
			attributes = {
				BuildIndependentTargetsInParallel = 1;
				LastSwiftUpdateCheck = 1320;
				LastUpgradeCheck = 1320;
				TargetAttributes = {
					66A54F332791157100820BE5 = {
						CreatedOnToolsVersion = 13.2.1;
					};
				};
			};
			buildConfigurationList = 66A54F2F2791157100820BE5 /* Build configuration list for PBXProject "VGBox" */;
			compatibilityVersion = "Xcode 13.0";
			developmentRegion = en;
			hasScannedForEncodings = 0;
			knownRegions = (
				en,
				Base,
			);
			mainGroup = 66A54F2B2791157100820BE5;
			productRefGroup = 66A54F352791157100820BE5 /* Products */;
			projectDirPath = "";
			projectRoot = "";
			targets = (
				66A54F332791157100820BE5 /* VGBox */,
			);
		};
/* End PBXProject section */

/* Begin PBXResourcesBuildPhase section */
		66A54F322791157100820BE5 /* Resources */ = {
			isa = PBXResourcesBuildPhase;
			buildActionMask = 2147483647;
			files = (
				66A54F3F2791157300820BE5 /* Preview Assets.xcassets in Resources */,
				66A54F3C2791157300820BE5 /* Assets.xcassets in Resources */,
				6965989227B6B4EF00BFDDCD /* GoogleService-Info.plist in Resources */,
			);
			runOnlyForDeploymentPostprocessing = 0;
		};
/* End PBXResourcesBuildPhase section */

/* Begin PBXShellScriptBuildPhase section */
		9838F6BE037DCAD522AC7EAC /* [CP] Embed Pods Frameworks */ = {
			isa = PBXShellScriptBuildPhase;
			buildActionMask = 2147483647;
			files = (
			);
			inputFileListPaths = (
				"${PODS_ROOT}/Target Support Files/Pods-VGBox/Pods-VGBox-frameworks-${CONFIGURATION}-input-files.xcfilelist",
			);
			name = "[CP] Embed Pods Frameworks";
			outputFileListPaths = (
				"${PODS_ROOT}/Target Support Files/Pods-VGBox/Pods-VGBox-frameworks-${CONFIGURATION}-output-files.xcfilelist",
			);
			runOnlyForDeploymentPostprocessing = 0;
			shellPath = /bin/sh;
			shellScript = "\"${PODS_ROOT}/Target Support Files/Pods-VGBox/Pods-VGBox-frameworks.sh\"\n";
			showEnvVarsInLog = 0;
		};
		E9CDDEF51C9C92BCAFDE28C0 /* [CP] Check Pods Manifest.lock */ = {
			isa = PBXShellScriptBuildPhase;
			buildActionMask = 2147483647;
			files = (
			);
			inputFileListPaths = (
			);
			inputPaths = (
				"${PODS_PODFILE_DIR_PATH}/Podfile.lock",
				"${PODS_ROOT}/Manifest.lock",
			);
			name = "[CP] Check Pods Manifest.lock";
			outputFileListPaths = (
			);
			outputPaths = (
				"$(DERIVED_FILE_DIR)/Pods-VGBox-checkManifestLockResult.txt",
			);
			runOnlyForDeploymentPostprocessing = 0;
			shellPath = /bin/sh;
			shellScript = "diff \"${PODS_PODFILE_DIR_PATH}/Podfile.lock\" \"${PODS_ROOT}/Manifest.lock\" > /dev/null\nif [ $? != 0 ] ; then\n    # print error to STDERR\n    echo \"error: The sandbox is not in sync with the Podfile.lock. Run 'pod install' or update your CocoaPods installation.\" >&2\n    exit 1\nfi\n# This output is used by Xcode 'outputs' to avoid re-running this script phase.\necho \"SUCCESS\" > \"${SCRIPT_OUTPUT_FILE_0}\"\n";
			showEnvVarsInLog = 0;
		};
/* End PBXShellScriptBuildPhase section */

/* Begin PBXSourcesBuildPhase section */
		66A54F302791157100820BE5 /* Sources */ = {
			isa = PBXSourcesBuildPhase;
			buildActionMask = 2147483647;
			files = (
				6933D021279A4A8400654B01 /* MeatList.swift in Sources */,
				6933D020279A4A8400654B01 /* ProductView.swift in Sources */,
				66A54F3A2791157200820BE5 /* ContentView.swift in Sources */,
				6965988B27B6A1E500BFDDCD /* database.swift in Sources */,
				66A54F382791157200820BE5 /* VGBoxApp.swift in Sources */,
				6933D01A279A4A8400654B01 /* ShopView.swift in Sources */,
				6933D01C279A4A8400654B01 /* HomeView.swift in Sources */,
				696B716F27AC1F1C000F77CA /* resultview.swift in Sources */,
				6965988E27B6B1C600BFDDCD /* AppDelegate.swift in Sources */,
				6965989027B6B22200BFDDCD /* AuthenticationViewModel.swift in Sources */,
				694A756527A9539700CAF86D /* BoxView.swift in Sources */,
				6933D01B279A4A8400654B01 /* PurchaseHistory.swift in Sources */,
				6933D01F279A4A8400654B01 /* Account.swift in Sources */,
				6965985C27B69BE700BFDDCD /* buybuttom.swift in Sources */,
				6933D02D279A4A9700654B01 /* VgBoxView.swift in Sources */,
				6965988C27B6A1E500BFDDCD /* ShopModel.swift in Sources */,
				6933D022279A4A8400654B01 /* VegetableView.swift in Sources */,
				6933CFE5279A44CF00654B01 /* MainViews.swift in Sources */,
				6933D01E279A4A8400654B01 /* Cartview.swift in Sources */,
				6933D02B279A4A9700654B01 /* HealtModel.swift in Sources */,
				6933D01D279A4A8400654B01 /* LikeList.swift in Sources */,
			);
			runOnlyForDeploymentPostprocessing = 0;
		};
/* End PBXSourcesBuildPhase section */

/* Begin XCBuildConfiguration section */
		66A54F402791157300820BE5 /* Debug */ = {
			isa = XCBuildConfiguration;
			buildSettings = {
				ALWAYS_SEARCH_USER_PATHS = NO;
				CLANG_ANALYZER_NONNULL = YES;
				CLANG_ANALYZER_NUMBER_OBJECT_CONVERSION = YES_AGGRESSIVE;
				CLANG_CXX_LANGUAGE_STANDARD = "gnu++17";
				CLANG_CXX_LIBRARY = "libc++";
				CLANG_ENABLE_MODULES = YES;
				CLANG_ENABLE_OBJC_ARC = YES;
				CLANG_ENABLE_OBJC_WEAK = YES;
				CLANG_WARN_BLOCK_CAPTURE_AUTORELEASING = YES;
				CLANG_WARN_BOOL_CONVERSION = YES;
				CLANG_WARN_COMMA = YES;
				CLANG_WARN_CONSTANT_CONVERSION = YES;
				CLANG_WARN_DEPRECATED_OBJC_IMPLEMENTATIONS = YES;
				CLANG_WARN_DIRECT_OBJC_ISA_USAGE = YES_ERROR;
				CLANG_WARN_DOCUMENTATION_COMMENTS = YES;
				CLANG_WARN_EMPTY_BODY = YES;
				CLANG_WARN_ENUM_CONVERSION = YES;
				CLANG_WARN_INFINITE_RECURSION = YES;
				CLANG_WARN_INT_CONVERSION = YES;
				CLANG_WARN_NON_LITERAL_NULL_CONVERSION = YES;
				CLANG_WARN_OBJC_IMPLICIT_RETAIN_SELF = YES;
				CLANG_WARN_OBJC_LITERAL_CONVERSION = YES;
				CLANG_WARN_OBJC_ROOT_CLASS = YES_ERROR;
				CLANG_WARN_QUOTED_INCLUDE_IN_FRAMEWORK_HEADER = YES;
				CLANG_WARN_RANGE_LOOP_ANALYSIS = YES;
				CLANG_WARN_STRICT_PROTOTYPES = YES;
				CLANG_WARN_SUSPICIOUS_MOVE = YES;
				CLANG_WARN_UNGUARDED_AVAILABILITY = YES_AGGRESSIVE;
				CLANG_WARN_UNREACHABLE_CODE = YES;
				CLANG_WARN__DUPLICATE_METHOD_MATCH = YES;
				COPY_PHASE_STRIP = NO;
				DEBUG_INFORMATION_FORMAT = dwarf;
				ENABLE_STRICT_OBJC_MSGSEND = YES;
				ENABLE_TESTABILITY = YES;
				GCC_C_LANGUAGE_STANDARD = gnu11;
				GCC_DYNAMIC_NO_PIC = NO;
				GCC_NO_COMMON_BLOCKS = YES;
				GCC_OPTIMIZATION_LEVEL = 0;
				GCC_PREPROCESSOR_DEFINITIONS = (
					"DEBUG=1",
					"$(inherited)",
				);
				GCC_WARN_64_TO_32_BIT_CONVERSION = YES;
				GCC_WARN_ABOUT_RETURN_TYPE = YES_ERROR;
				GCC_WARN_UNDECLARED_SELECTOR = YES;
				GCC_WARN_UNINITIALIZED_AUTOS = YES_AGGRESSIVE;
				GCC_WARN_UNUSED_FUNCTION = YES;
				GCC_WARN_UNUSED_VARIABLE = YES;
				IPHONEOS_DEPLOYMENT_TARGET = 15.2;
				MTL_ENABLE_DEBUG_INFO = INCLUDE_SOURCE;
				MTL_FAST_MATH = YES;
				ONLY_ACTIVE_ARCH = YES;
				SDKROOT = iphoneos;
				SWIFT_ACTIVE_COMPILATION_CONDITIONS = DEBUG;
				SWIFT_OPTIMIZATION_LEVEL = "-Onone";
			};
			name = Debug;
		};
		66A54F412791157300820BE5 /* Release */ = {
			isa = XCBuildConfiguration;
			buildSettings = {
				ALWAYS_SEARCH_USER_PATHS = NO;
				CLANG_ANALYZER_NONNULL = YES;
				CLANG_ANALYZER_NUMBER_OBJECT_CONVERSION = YES_AGGRESSIVE;
				CLANG_CXX_LANGUAGE_STANDARD = "gnu++17";
				CLANG_CXX_LIBRARY = "libc++";
				CLANG_ENABLE_MODULES = YES;
				CLANG_ENABLE_OBJC_ARC = YES;
				CLANG_ENABLE_OBJC_WEAK = YES;
				CLANG_WARN_BLOCK_CAPTURE_AUTORELEASING = YES;
				CLANG_WARN_BOOL_CONVERSION = YES;
				CLANG_WARN_COMMA = YES;
				CLANG_WARN_CONSTANT_CONVERSION = YES;
				CLANG_WARN_DEPRECATED_OBJC_IMPLEMENTATIONS = YES;
				CLANG_WARN_DIRECT_OBJC_ISA_USAGE = YES_ERROR;
				CLANG_WARN_DOCUMENTATION_COMMENTS = YES;
				CLANG_WARN_EMPTY_BODY = YES;
				CLANG_WARN_ENUM_CONVERSION = YES;
				CLANG_WARN_INFINITE_RECURSION = YES;
				CLANG_WARN_INT_CONVERSION = YES;
				CLANG_WARN_NON_LITERAL_NULL_CONVERSION = YES;
				CLANG_WARN_OBJC_IMPLICIT_RETAIN_SELF = YES;
				CLANG_WARN_OBJC_LITERAL_CONVERSION = YES;
				CLANG_WARN_OBJC_ROOT_CLASS = YES_ERROR;
				CLANG_WARN_QUOTED_INCLUDE_IN_FRAMEWORK_HEADER = YES;
				CLANG_WARN_RANGE_LOOP_ANALYSIS = YES;
				CLANG_WARN_STRICT_PROTOTYPES = YES;
				CLANG_WARN_SUSPICIOUS_MOVE = YES;
				CLANG_WARN_UNGUARDED_AVAILABILITY = YES_AGGRESSIVE;
				CLANG_WARN_UNREACHABLE_CODE = YES;
				CLANG_WARN__DUPLICATE_METHOD_MATCH = YES;
				COPY_PHASE_STRIP = NO;
				DEBUG_INFORMATION_FORMAT = "dwarf-with-dsym";
				ENABLE_NS_ASSERTIONS = NO;
				ENABLE_STRICT_OBJC_MSGSEND = YES;
				GCC_C_LANGUAGE_STANDARD = gnu11;
				GCC_NO_COMMON_BLOCKS = YES;
				GCC_WARN_64_TO_32_BIT_CONVERSION = YES;
				GCC_WARN_ABOUT_RETURN_TYPE = YES_ERROR;
				GCC_WARN_UNDECLARED_SELECTOR = YES;
				GCC_WARN_UNINITIALIZED_AUTOS = YES_AGGRESSIVE;
				GCC_WARN_UNUSED_FUNCTION = YES;
				GCC_WARN_UNUSED_VARIABLE = YES;
				IPHONEOS_DEPLOYMENT_TARGET = 15.2;
				MTL_ENABLE_DEBUG_INFO = NO;
				MTL_FAST_MATH = YES;
				SDKROOT = iphoneos;
				SWIFT_COMPILATION_MODE = wholemodule;
				SWIFT_OPTIMIZATION_LEVEL = "-O";
				VALIDATE_PRODUCT = YES;
			};
			name = Release;
		};
		66A54F432791157300820BE5 /* Debug */ = {
			isa = XCBuildConfiguration;
			baseConfigurationReference = 872F96B706D65D3C98B3DD66 /* Pods-VGBox.debug.xcconfig */;
			buildSettings = {
				ASSETCATALOG_COMPILER_APPICON_NAME = AppIcon;
				ASSETCATALOG_COMPILER_GLOBAL_ACCENT_COLOR_NAME = AccentColor;
				CODE_SIGN_STYLE = Automatic;
				CURRENT_PROJECT_VERSION = 1;
				DEVELOPMENT_ASSET_PATHS = "\"VGBox/Preview Content\"";
				DEVELOPMENT_TEAM = "";
				ENABLE_PREVIEWS = YES;
				GENERATE_INFOPLIST_FILE = YES;
				INFOPLIST_KEY_UIApplicationSceneManifest_Generation = YES;
				INFOPLIST_KEY_UIApplicationSupportsIndirectInputEvents = YES;
				INFOPLIST_KEY_UILaunchScreen_Generation = YES;
				INFOPLIST_KEY_UISupportedInterfaceOrientations_iPad = "UIInterfaceOrientationPortrait UIInterfaceOrientationPortraitUpsideDown UIInterfaceOrientationLandscapeLeft UIInterfaceOrientationLandscapeRight";
				INFOPLIST_KEY_UISupportedInterfaceOrientations_iPhone = "UIInterfaceOrientationPortrait UIInterfaceOrientationLandscapeLeft UIInterfaceOrientationLandscapeRight";
				LD_RUNPATH_SEARCH_PATHS = (
					"$(inherited)",
					"@executable_path/Frameworks",
				);
				MARKETING_VERSION = 1.0;
				PRODUCT_BUNDLE_IDENTIFIER = app.cherrystudio.VGBox;
				PRODUCT_NAME = "$(TARGET_NAME)";
				SWIFT_EMIT_LOC_STRINGS = YES;
				SWIFT_VERSION = 5.0;
				TARGETED_DEVICE_FAMILY = "1,2";
			};
			name = Debug;
		};
		66A54F442791157300820BE5 /* Release */ = {
			isa = XCBuildConfiguration;
			baseConfigurationReference = D17A7C514E235CD00F2457ED /* Pods-VGBox.release.xcconfig */;
			buildSettings = {
				ASSETCATALOG_COMPILER_APPICON_NAME = AppIcon;
				ASSETCATALOG_COMPILER_GLOBAL_ACCENT_COLOR_NAME = AccentColor;
				CODE_SIGN_STYLE = Automatic;
				CURRENT_PROJECT_VERSION = 1;
				DEVELOPMENT_ASSET_PATHS = "\"VGBox/Preview Content\"";
				DEVELOPMENT_TEAM = "";
				ENABLE_PREVIEWS = YES;
				GENERATE_INFOPLIST_FILE = YES;
				INFOPLIST_KEY_UIApplicationSceneManifest_Generation = YES;
				INFOPLIST_KEY_UIApplicationSupportsIndirectInputEvents = YES;
				INFOPLIST_KEY_UILaunchScreen_Generation = YES;
				INFOPLIST_KEY_UISupportedInterfaceOrientations_iPad = "UIInterfaceOrientationPortrait UIInterfaceOrientationPortraitUpsideDown UIInterfaceOrientationLandscapeLeft UIInterfaceOrientationLandscapeRight";
				INFOPLIST_KEY_UISupportedInterfaceOrientations_iPhone = "UIInterfaceOrientationPortrait UIInterfaceOrientationLandscapeLeft UIInterfaceOrientationLandscapeRight";
				LD_RUNPATH_SEARCH_PATHS = (
					"$(inherited)",
					"@executable_path/Frameworks",
				);
				MARKETING_VERSION = 1.0;
				PRODUCT_BUNDLE_IDENTIFIER = app.cherrystudio.VGBox;
				PRODUCT_NAME = "$(TARGET_NAME)";
				SWIFT_EMIT_LOC_STRINGS = YES;
				SWIFT_VERSION = 5.0;
				TARGETED_DEVICE_FAMILY = "1,2";
			};
			name = Release;
		};
/* End XCBuildConfiguration section */

/* Begin XCConfigurationList section */
		66A54F2F2791157100820BE5 /* Build configuration list for PBXProject "VGBox" */ = {
			isa = XCConfigurationList;
			buildConfigurations = (
				66A54F402791157300820BE5 /* Debug */,
				66A54F412791157300820BE5 /* Release */,
			);
			defaultConfigurationIsVisible = 0;
			defaultConfigurationName = Release;
		};
		66A54F422791157300820BE5 /* Build configuration list for PBXNativeTarget "VGBox" */ = {
			isa = XCConfigurationList;
			buildConfigurations = (
				66A54F432791157300820BE5 /* Debug */,
				66A54F442791157300820BE5 /* Release */,
			);
			defaultConfigurationIsVisible = 0;
			defaultConfigurationName = Release;
		};
/* End XCConfigurationList section */
	};
	rootObject = 66A54F2C2791157100820BE5 /* Project object */;
}
